
Microsoft Visual Studio Solution File, Format Version 12.00
# Visual Studio Version 17
VisualStudioVersion = 17.14.36429.23
MinimumVisualStudioVersion = 10.0.40219.1
Project("{2150E333-8FDC-42A3-9474-1A3956D46DE8}") = "Task0", "Task0", "{02EA681E-C7D8-13C7-8484-4AC65E1B71E8}"
EndProject
Project("{FAE04EC0-301F-11D3-BF4B-00C04F79EFBC}") = "Tyuiu.BarminaSK.Sprint0.Task0.V0", "Tyuiu.BarminaSK.Sprint0.Task0.V0\Tyuiu.BarminaSK.Sprint0.Task0.V0.csproj", "{9F23560B-21DE-4B3C-B471-6FCDE4C64CF9}"
EndProject
Project("{2150E333-8FDC-42A3-9474-1A3956D46DE8}") = "Task1", "Task1", "{474DDB8A-FF6C-4C9E-8CFB-CFBAFDCE9472}"
EndProject
Project("{FAE04EC0-301F-11D3-BF4B-00C04F79EFBC}") = "Tyuiu.BarminaSK.Sprint0.Task1.V0", "Tyuiu.BarminaSK.Sprint0.Task1.V0\Tyuiu.BarminaSK.Sprint0.Task1.V0.csproj", "{B1C0172D-7696-4171-BD2B-A443FF14E646}"
EndProject
Project("{2150E333-8FDC-42A3-9474-1A3956D46DE8}") = "Task2", "Task2", "{F76AE72D-8EFE-440A-8E1D-6E66456040C9}"
EndProject
Project("{FAE04EC0-301F-11D3-BF4B-00C04F79EFBC}") = "Tyuiu.BarminaSK.Sprint0.Task2.V0", "Tyuiu.BarminaSK.Sprint0.Task2.V0\Tyuiu.BarminaSK.Sprint0.Task2.V0.csproj", "{9F8F04E5-4486-4529-833C-AA24D1C9D6CC}"
EndProject
Project("{FAE04EC0-301F-11D3-BF4B-00C04F79EFBC}") = "Tyuiu.BarminaSK.Sprint0.Task2.V0.Lib", "Tyuiu.BarminaSK.Sprint0.Task2.V0.Lib\Tyuiu.BarminaSK.Sprint0.Task2.V0.Lib.csproj", "{194C7463-77CC-428E-8C36-440E4778BDD5}"
EndProject
Project("{FAE04EC0-301F-11D3-BF4B-00C04F79EFBC}") = "Tyuiu.BarminaSK.Sprint0.Task2.V0.Test", "Tyuiu.BarminaSK.Sprint0.Task2.V0.Test\Tyuiu.BarminaSK.Sprint0.Task2.V0.Test.csproj", "{7608BCA1-41B2-46D7-9B91-E3CE7AB86462}"
EndProject
Project("{2150E333-8FDC-42A3-9474-1A3956D46DE8}") = "Task3", "Task3", "{DD0A20B0-0CE8-4E9A-BFFF-2C0ED3111F58}"
EndProject
Project("{FAE04EC0-301F-11D3-BF4B-00C04F79EFBC}") = "Tyuiu.BarminaSK.Sprint0.Task3.V0", "Tyuiu.BarminaSK.Sprint0.Task3.V0\Tyuiu.BarminaSK.Sprint0.Task3.V0.csproj", "{0890E422-9B95-42DF-B68C-870DF4CA73F1}"
EndProject
Project("{FAE04EC0-301F-11D3-BF4B-00C04F79EFBC}") = "Tyuiu.BarminaSK.Sprint0.Task3.V0.Lib", "Tyuiu.BarminaSK.Sprint0.Task3.V0.Lib\Tyuiu.BarminaSK.Sprint0.Task3.V0.Lib.csproj", "{5C546BF7-A02D-4367-AAF7-D5F3CA0AB0CB}"
EndProject
Project("{FAE04EC0-301F-11D3-BF4B-00C04F79EFBC}") = "Tyuiu.BarminaSK.Sprint0.Task3.V0.Test", "Tyuiu.BarminaSK.Sprint0.Task3.V0.Test\Tyuiu.BarminaSK.Sprint0.Task3.V0.Test.csproj", "{EE18A448-C4CF-4142-AF1C-DB561101CD73}"
EndProject
Project("{2150E333-8FDC-42A3-9474-1A3956D46DE8}") = "Task4", "Task4", "{43B188E9-900D-4FA6-A955-6D965F24F318}"
EndProject
Project("{FAE04EC0-301F-11D3-BF4B-00C04F79EFBC}") = "Tyuiu.BarminaSK.Sprint0.Task4.V0", "Tyuiu.BarminaSK.Sprint0.Task4.V0\Tyuiu.BarminaSK.Sprint0.Task4.V0.csproj", "{B043B070-FF2D-406D-B3C9-2054E52EF812}"
EndProject
Project("{FAE04EC0-301F-11D3-BF4B-00C04F79EFBC}") = "Tyuiu.BarminaSK.Sprint0.Task4.V0.Lib", "Tyuiu.BarminaSK.Sprint0.Task4.V0.Lib\Tyuiu.BarminaSK.Sprint0.Task4.V0.Lib.csproj", "{F0FE9E97-FC73-4FD3-987D-BA1439C2B09A}"
EndProject
Project("{FAE04EC0-301F-11D3-BF4B-00C04F79EFBC}") = "Tyuiu.BarminaSK.Sprint0.Task4.V0.Test", "Tyuiu.BarminaSK.Sprint0.Task4.V0.Test\Tyuiu.BarminaSK.Sprint0.Task4.V0.Test.csproj", "{7DFD5CAA-3D0B-4C62-9DA5-227BA54C76D4}"
EndProject
Project("{2150E333-8FDC-42A3-9474-1A3956D46DE8}") = "Task5", "Task5", "{9D720169-A8B4-4223-9E58-85FCE38C8303}"
EndProject
Project("{FAE04EC0-301F-11D3-BF4B-00C04F79EFBC}") = "Tyuiu.BarminaSK.Sprint0.Task5.V0", "Tyuiu.BarminaSK.Sprint0.Task5.V0\Tyuiu.BarminaSK.Sprint0.Task5.V0.csproj", "{802C4EFA-9AE5-474B-BDE4-88D9E5A49F4C}"
EndProject
Project("{FAE04EC0-301F-11D3-BF4B-00C04F79EFBC}") = "Tyuiu.BarminaSK.Sprint0.Task5.V0.Lib", "Tyuiu.BarminaSK.Sprint0.Task5.V0.Lib\Tyuiu.BarminaSK.Sprint0.Task5.V0.Lib.csproj", "{F5C1E8BA-E276-4254-BDCB-71D65D8FAD0C}"
EndProject
Project("{FAE04EC0-301F-11D3-BF4B-00C04F79EFBC}") = "Tyuiu.BarminaSK.Sprint0.Task5.V0.Test", "Tyuiu.BarminaSK.Sprint0.Task5.V0.Test\Tyuiu.BarminaSK.Sprint0.Task5.V0.Test.csproj", "{02C1E164-AA01-4221-AA67-A06D18F6C2E3}"
EndProject
Project("{2150E333-8FDC-42A3-9474-1A3956D46DE8}") = "Task6", "Task6", "{DBCCE315-FB0A-4A03-8393-4A38301E273A}"
EndProject
Project("{FAE04EC0-301F-11D3-BF4B-00C04F79EFBC}") = "Tyuiu.BarminaSK.Sprint0.Task6.V0", "Tyuiu.BarminaSK.Sprint0.Task6.V0\Tyuiu.BarminaSK.Sprint0.Task6.V0.csproj", "{A991B321-3ADB-4AE0-A30B-E8443ACA99EF}"
EndProject
Project("{FAE04EC0-301F-11D3-BF4B-00C04F79EFBC}") = "Tyuiu.BarminaSK.Sprint0.Task6.V0.Lib", "Tyuiu.BarminaSK.Sprint0.Task6.V0.Lib\Tyuiu.BarminaSK.Sprint0.Task6.V0.Lib.csproj", "{62360C35-9C49-48F3-8D39-A623A0A7BE49}"
EndProject
Project("{FAE04EC0-301F-11D3-BF4B-00C04F79EFBC}") = "Tyuiu.BarminaSK.Sprint0.Task6.V0.Text", "Tyuiu.BarminaSK.Sprint0.Task6.V0.Text\Tyuiu.BarminaSK.Sprint0.Task6.V0.Text.csproj", "{2936DCA2-742E-4E52-BAE0-F7D0CABCEFF6}"
EndProject
Global
	GlobalSection(SolutionConfigurationPlatforms) = preSolution
		Debug|Any CPU = Debug|Any CPU
		Release|Any CPU = Release|Any CPU
	EndGlobalSection
	GlobalSection(ProjectConfigurationPlatforms) = postSolution
		{9F23560B-21DE-4B3C-B471-6FCDE4C64CF9}.Debug|Any CPU.ActiveCfg = Debug|Any CPU
		{9F23560B-21DE-4B3C-B471-6FCDE4C64CF9}.Debug|Any CPU.Build.0 = Debug|Any CPU
		{9F23560B-21DE-4B3C-B471-6FCDE4C64CF9}.Release|Any CPU.ActiveCfg = Release|Any CPU
		{9F23560B-21DE-4B3C-B471-6FCDE4C64CF9}.Release|Any CPU.Build.0 = Release|Any CPU
		{B1C0172D-7696-4171-BD2B-A443FF14E646}.Debug|Any CPU.ActiveCfg = Debug|Any CPU
		{B1C0172D-7696-4171-BD2B-A443FF14E646}.Debug|Any CPU.Build.0 = Debug|Any CPU
		{B1C0172D-7696-4171-BD2B-A443FF14E646}.Release|Any CPU.ActiveCfg = Release|Any CPU
		{B1C0172D-7696-4171-BD2B-A443FF14E646}.Release|Any CPU.Build.0 = Release|Any CPU
		{9F8F04E5-4486-4529-833C-AA24D1C9D6CC}.Debug|Any CPU.ActiveCfg = Debug|Any CPU
		{9F8F04E5-4486-4529-833C-AA24D1C9D6CC}.Debug|Any CPU.Build.0 = Debug|Any CPU
		{9F8F04E5-4486-4529-833C-AA24D1C9D6CC}.Release|Any CPU.ActiveCfg = Release|Any CPU
		{9F8F04E5-4486-4529-833C-AA24D1C9D6CC}.Release|Any CPU.Build.0 = Release|Any CPU
		{194C7463-77CC-428E-8C36-440E4778BDD5}.Debug|Any CPU.ActiveCfg = Debug|Any CPU
		{194C7463-77CC-428E-8C36-440E4778BDD5}.Debug|Any CPU.Build.0 = Debug|Any CPU
		{194C7463-77CC-428E-8C36-440E4778BDD5}.Release|Any CPU.ActiveCfg = Release|Any CPU
		{194C7463-77CC-428E-8C36-440E4778BDD5}.Release|Any CPU.Build.0 = Release|Any CPU
		{7608BCA1-41B2-46D7-9B91-E3CE7AB86462}.Debug|Any CPU.ActiveCfg = Debug|Any CPU
		{7608BCA1-41B2-46D7-9B91-E3CE7AB86462}.Debug|Any CPU.Build.0 = Debug|Any CPU
		{7608BCA1-41B2-46D7-9B91-E3CE7AB86462}.Release|Any CPU.ActiveCfg = Release|Any CPU
		{7608BCA1-41B2-46D7-9B91-E3CE7AB86462}.Release|Any CPU.Build.0 = Release|Any CPU
		{0890E422-9B95-42DF-B68C-870DF4CA73F1}.Debug|Any CPU.ActiveCfg = Debug|Any CPU
		{0890E422-9B95-42DF-B68C-870DF4CA73F1}.Debug|Any CPU.Build.0 = Debug|Any CPU
		{0890E422-9B95-42DF-B68C-870DF4CA73F1}.Release|Any CPU.ActiveCfg = Release|Any CPU
		{0890E422-9B95-42DF-B68C-870DF4CA73F1}.Release|Any CPU.Build.0 = Release|Any CPU
		{5C546BF7-A02D-4367-AAF7-D5F3CA0AB0CB}.Debug|Any CPU.ActiveCfg = Debug|Any CPU
		{5C546BF7-A02D-4367-AAF7-D5F3CA0AB0CB}.Debug|Any CPU.Build.0 = Debug|Any CPU
		{5C546BF7-A02D-4367-AAF7-D5F3CA0AB0CB}.Release|Any CPU.ActiveCfg = Release|Any CPU
		{5C546BF7-A02D-4367-AAF7-D5F3CA0AB0CB}.Release|Any CPU.Build.0 = Release|Any CPU
		{EE18A448-C4CF-4142-AF1C-DB561101CD73}.Debug|Any CPU.ActiveCfg = Debug|Any CPU
		{EE18A448-C4CF-4142-AF1C-DB561101CD73}.Debug|Any CPU.Build.0 = Debug|Any CPU
		{EE18A448-C4CF-4142-AF1C-DB561101CD73}.Release|Any CPU.ActiveCfg = Release|Any CPU
		{EE18A448-C4CF-4142-AF1C-DB561101CD73}.Release|Any CPU.Build.0 = Release|Any CPU
		{B043B070-FF2D-406D-B3C9-2054E52EF812}.Debug|Any CPU.ActiveCfg = Debug|Any CPU
		{B043B070-FF2D-406D-B3C9-2054E52EF812}.Debug|Any CPU.Build.0 = Debug|Any CPU
		{B043B070-FF2D-406D-B3C9-2054E52EF812}.Release|Any CPU.ActiveCfg = Release|Any CPU
		{B043B070-FF2D-406D-B3C9-2054E52EF812}.Release|Any CPU.Build.0 = Release|Any CPU
		{F0FE9E97-FC73-4FD3-987D-BA1439C2B09A}.Debug|Any CPU.ActiveCfg = Debug|Any CPU
		{F0FE9E97-FC73-4FD3-987D-BA1439C2B09A}.Debug|Any CPU.Build.0 = Debug|Any CPU
		{F0FE9E97-FC73-4FD3-987D-BA1439C2B09A}.Release|Any CPU.ActiveCfg = Release|Any CPU
		{F0FE9E97-FC73-4FD3-987D-BA1439C2B09A}.Release|Any CPU.Build.0 = Release|Any CPU
		{7DFD5CAA-3D0B-4C62-9DA5-227BA54C76D4}.Debug|Any CPU.ActiveCfg = Debug|Any CPU
		{7DFD5CAA-3D0B-4C62-9DA5-227BA54C76D4}.Debug|Any CPU.Build.0 = Debug|Any CPU
		{7DFD5CAA-3D0B-4C62-9DA5-227BA54C76D4}.Release|Any CPU.ActiveCfg = Release|Any CPU
		{7DFD5CAA-3D0B-4C62-9DA5-227BA54C76D4}.Release|Any CPU.Build.0 = Release|Any CPU
		{802C4EFA-9AE5-474B-BDE4-88D9E5A49F4C}.Debug|Any CPU.ActiveCfg = Debug|Any CPU
		{802C4EFA-9AE5-474B-BDE4-88D9E5A49F4C}.Debug|Any CPU.Build.0 = Debug|Any CPU
		{802C4EFA-9AE5-474B-BDE4-88D9E5A49F4C}.Release|Any CPU.ActiveCfg = Release|Any CPU
		{802C4EFA-9AE5-474B-BDE4-88D9E5A49F4C}.Release|Any CPU.Build.0 = Release|Any CPU
		{F5C1E8BA-E276-4254-BDCB-71D65D8FAD0C}.Debug|Any CPU.ActiveCfg = Debug|Any CPU
		{F5C1E8BA-E276-4254-BDCB-71D65D8FAD0C}.Debug|Any CPU.Build.0 = Debug|Any CPU
		{F5C1E8BA-E276-4254-BDCB-71D65D8FAD0C}.Release|Any CPU.ActiveCfg = Release|Any CPU
		{F5C1E8BA-E276-4254-BDCB-71D65D8FAD0C}.Release|Any CPU.Build.0 = Release|Any CPU
		{02C1E164-AA01-4221-AA67-A06D18F6C2E3}.Debug|Any CPU.ActiveCfg = Debug|Any CPU
		{02C1E164-AA01-4221-AA67-A06D18F6C2E3}.Debug|Any CPU.Build.0 = Debug|Any CPU
		{02C1E164-AA01-4221-AA67-A06D18F6C2E3}.Release|Any CPU.ActiveCfg = Release|Any CPU
		{02C1E164-AA01-4221-AA67-A06D18F6C2E3}.Release|Any CPU.Build.0 = Release|Any CPU
		{A991B321-3ADB-4AE0-A30B-E8443ACA99EF}.Debug|Any CPU.ActiveCfg = Debug|Any CPU
		{A991B321-3ADB-4AE0-A30B-E8443ACA99EF}.Debug|Any CPU.Build.0 = Debug|Any CPU
		{A991B321-3ADB-4AE0-A30B-E8443ACA99EF}.Release|Any CPU.ActiveCfg = Release|Any CPU
		{A991B321-3ADB-4AE0-A30B-E8443ACA99EF}.Release|Any CPU.Build.0 = Release|Any CPU
		{62360C35-9C49-48F3-8D39-A623A0A7BE49}.Debug|Any CPU.ActiveCfg = Debug|Any CPU
		{62360C35-9C49-48F3-8D39-A623A0A7BE49}.Debug|Any CPU.Build.0 = Debug|Any CPU
		{62360C35-9C49-48F3-8D39-A623A0A7BE49}.Release|Any CPU.ActiveCfg = Release|Any CPU
		{62360C35-9C49-48F3-8D39-A623A0A7BE49}.Release|Any CPU.Build.0 = Release|Any CPU
		{2936DCA2-742E-4E52-BAE0-F7D0CABCEFF6}.Debug|Any CPU.ActiveCfg = Debug|Any CPU
		{2936DCA2-742E-4E52-BAE0-F7D0CABCEFF6}.Debug|Any CPU.Build.0 = Debug|Any CPU
		{2936DCA2-742E-4E52-BAE0-F7D0CABCEFF6}.Release|Any CPU.ActiveCfg = Release|Any CPU
		{2936DCA2-742E-4E52-BAE0-F7D0CABCEFF6}.Release|Any CPU.Build.0 = Release|Any CPU
	EndGlobalSection
	GlobalSection(SolutionProperties) = preSolution
		HideSolutionNode = FALSE
	EndGlobalSection
	GlobalSection(NestedProjects) = preSolution
		{9F23560B-21DE-4B3C-B471-6FCDE4C64CF9} = {02EA681E-C7D8-13C7-8484-4AC65E1B71E8}
		{B1C0172D-7696-4171-BD2B-A443FF14E646} = {474DDB8A-FF6C-4C9E-8CFB-CFBAFDCE9472}
		{9F8F04E5-4486-4529-833C-AA24D1C9D6CC} = {F76AE72D-8EFE-440A-8E1D-6E66456040C9}
		{194C7463-77CC-428E-8C36-440E4778BDD5} = {F76AE72D-8EFE-440A-8E1D-6E66456040C9}
		{7608BCA1-41B2-46D7-9B91-E3CE7AB86462} = {F76AE72D-8EFE-440A-8E1D-6E66456040C9}
		{0890E422-9B95-42DF-B68C-870DF4CA73F1} = {DD0A20B0-0CE8-4E9A-BFFF-2C0ED3111F58}
		{5C546BF7-A02D-4367-AAF7-D5F3CA0AB0CB} = {DD0A20B0-0CE8-4E9A-BFFF-2C0ED3111F58}
		{EE18A448-C4CF-4142-AF1C-DB561101CD73} = {DD0A20B0-0CE8-4E9A-BFFF-2C0ED3111F58}
		{B043B070-FF2D-406D-B3C9-2054E52EF812} = {43B188E9-900D-4FA6-A955-6D965F24F318}
		{F0FE9E97-FC73-4FD3-987D-BA1439C2B09A} = {43B188E9-900D-4FA6-A955-6D965F24F318}
		{7DFD5CAA-3D0B-4C62-9DA5-227BA54C76D4} = {43B188E9-900D-4FA6-A955-6D965F24F318}
		{802C4EFA-9AE5-474B-BDE4-88D9E5A49F4C} = {9D720169-A8B4-4223-9E58-85FCE38C8303}
		{F5C1E8BA-E276-4254-BDCB-71D65D8FAD0C} = {9D720169-A8B4-4223-9E58-85FCE38C8303}
		{02C1E164-AA01-4221-AA67-A06D18F6C2E3} = {9D720169-A8B4-4223-9E58-85FCE38C8303}
		{A991B321-3ADB-4AE0-A30B-E8443ACA99EF} = {DBCCE315-FB0A-4A03-8393-4A38301E273A}
		{62360C35-9C49-48F3-8D39-A623A0A7BE49} = {DBCCE315-FB0A-4A03-8393-4A38301E273A}
		{2936DCA2-742E-4E52-BAE0-F7D0CABCEFF6} = {DBCCE315-FB0A-4A03-8393-4A38301E273A}
	EndGlobalSection
	GlobalSection(ExtensibilityGlobals) = postSolution
		SolutionGuid = {34D1F702-70C6-4930-BB60-2A9C0BBDF7A3}
	EndGlobalSection
EndGlobal
